// !$*UTF8*$!
{
	archiveVersion = 1;
	classes = {
	};
	objectVersion = 50;
	objects = {

/* Begin PBXFileReference section */
		7D1090722B7AE79D008C8D75 /* SelfSizeTableView.swift */ = {isa = PBXFileReference; lastKnownFileType = sourcecode.swift; path = SelfSizeTableView.swift; sourceTree = "<group>"; };
		7D2A1A3824FB55A600EEC4D2 /* ResourceSingleton.swift */ = {isa = PBXFileReference; lastKnownFileType = sourcecode.swift; path = ResourceSingleton.swift; sourceTree = "<group>"; };
		7D8362822423DBFE00B039E5 /* Assets.xcassets */ = {isa = PBXFileReference; lastKnownFileType = folder.assetcatalog; path = Assets.xcassets; sourceTree = "<group>"; };
		7D8362992423E62200B039E5 /* LoadingView.swift */ = {isa = PBXFileReference; lastKnownFileType = sourcecode.swift; path = LoadingView.swift; sourceTree = "<group>"; };
		7DBC8BB424253941000B0CE6 /* FakeServerProtocol.swift */ = {isa = PBXFileReference; lastKnownFileType = sourcecode.swift; path = FakeServerProtocol.swift; sourceTree = "<group>"; };
		7DBC8BBB242569C3000B0CE6 /* UIView+Extensions.swift */ = {isa = PBXFileReference; lastKnownFileType = sourcecode.swift; path = "UIView+Extensions.swift"; sourceTree = "<group>"; };
		7DF3E3512BA53FFA0058B5B6 /* CustomTabbarController.swift */ = {isa = PBXFileReference; lastKnownFileType = sourcecode.swift; path = CustomTabbarController.swift; sourceTree = "<group>"; };
		7DF3E3522BA540480058B5B6 /* CustomTabbarItem.swift */ = {isa = PBXFileReference; lastKnownFileType = sourcecode.swift; path = CustomTabbarItem.swift; sourceTree = "<group>"; };
		7DF3E3532BA540610058B5B6 /* CustomTabbar.swift */ = {isa = PBXFileReference; lastKnownFileType = sourcecode.swift; path = CustomTabbar.swift; sourceTree = "<group>"; };
		7DF3E3542BA540EE0058B5B6 /* Separator.swift */ = {isa = PBXFileReference; lastKnownFileType = sourcecode.swift; path = Separator.swift; sourceTree = "<group>"; };
		7DF3E3552BA541000058B5B6 /* Spacer.swift */ = {isa = PBXFileReference; lastKnownFileType = sourcecode.swift; path = Spacer.swift; sourceTree = "<group>"; };
		7DF3E3562BA541100058B5B6 /* CircleView.swift */ = {isa = PBXFileReference; lastKnownFileType = sourcecode.swift; path = CircleView.swift; sourceTree = "<group>"; };
		7DF3E3572BA541210058B5B6 /* TriangleView.swift */ = {isa = PBXFileReference; lastKnownFileType = sourcecode.swift; path = TriangleView.swift; sourceTree = "<group>"; };
		7DF3E35A2BA542760058B5B6 /* UIEdgeInsets+Extensions.swift */ = {isa = PBXFileReference; lastKnownFileType = sourcecode.swift; path = "UIEdgeInsets+Extensions.swift"; sourceTree = "<group>"; };
		7DF3E35B2BA542D10058B5B6 /* Indentifiable.swift */ = {isa = PBXFileReference; lastKnownFileType = sourcecode.swift; path = Indentifiable.swift; sourceTree = "<group>"; };
		7DF3E3682BA546FA0058B5B6 /* LoadingState.swift */ = {isa = PBXFileReference; lastKnownFileType = sourcecode.swift; path = LoadingState.swift; sourceTree = "<group>"; };
		7DF3E3692BA547910058B5B6 /* Dictionary+Extensions.swift */ = {isa = PBXFileReference; lastKnownFileType = sourcecode.swift; path = "Dictionary+Extensions.swift"; sourceTree = "<group>"; };
		7DF3E36A2BA547C20058B5B6 /* UINavigationController+Extensions.swift */ = {isa = PBXFileReference; lastKnownFileType = sourcecode.swift; path = "UINavigationController+Extensions.swift"; sourceTree = "<group>"; };
		7DF3E36B2BA548400058B5B6 /* String+Extensions.swift */ = {isa = PBXFileReference; lastKnownFileType = sourcecode.swift; path = "String+Extensions.swift"; sourceTree = "<group>"; };
		7DF3E36C2BA5489A0058B5B6 /* Result+Extensions.swift */ = {isa = PBXFileReference; lastKnownFileType = sourcecode.swift; path = "Result+Extensions.swift"; sourceTree = "<group>"; };
		7DF3E36D2BA548B70058B5B6 /* Enum+Extensions.swift */ = {isa = PBXFileReference; lastKnownFileType = sourcecode.swift; path = "Enum+Extensions.swift"; sourceTree = "<group>"; };
		7DF3E3702BA5490F0058B5B6 /* Int+Extensions.swift */ = {isa = PBXFileReference; lastKnownFileType = sourcecode.swift; path = "Int+Extensions.swift"; sourceTree = "<group>"; };
		7DF3E3712BA549280058B5B6 /* Bool+Extensions.swift */ = {isa = PBXFileReference; lastKnownFileType = sourcecode.swift; path = "Bool+Extensions.swift"; sourceTree = "<group>"; };
		7DF3E3722BA549450058B5B6 /* Data+Extensions.swift */ = {isa = PBXFileReference; lastKnownFileType = sourcecode.swift; path = "Data+Extensions.swift"; sourceTree = "<group>"; };
		7DF3E3732BA549810058B5B6 /* Codable+Extensions.swift */ = {isa = PBXFileReference; lastKnownFileType = sourcecode.swift; path = "Codable+Extensions.swift"; sourceTree = "<group>"; };
		7DF3E3742BA549B00058B5B6 /* Sequence+Extensions.swift */ = {isa = PBXFileReference; lastKnownFileType = sourcecode.swift; path = "Sequence+Extensions.swift"; sourceTree = "<group>"; };
		7DF3E3752BA54B200058B5B6 /* Axis.swift */ = {isa = PBXFileReference; lastKnownFileType = sourcecode.swift; path = Axis.swift; sourceTree = "<group>"; };
		7DF3E3762BA54D570058B5B6 /* UIView+IBInspectable.swift */ = {isa = PBXFileReference; lastKnownFileType = sourcecode.swift; path = "UIView+IBInspectable.swift"; sourceTree = "<group>"; };
		7DF3E3782BA551680058B5B6 /* NetworkRequest.swift */ = {isa = PBXFileReference; lastKnownFileType = sourcecode.swift; path = NetworkRequest.swift; sourceTree = "<group>"; };
		7DF3E3792BA553940058B5B6 /* AppLogger.swift */ = {isa = PBXFileReference; lastKnownFileType = sourcecode.swift; path = AppLogger.swift; sourceTree = "<group>"; };
		7DF3E37A2BA555620058B5B6 /* Requester.swift */ = {isa = PBXFileReference; lastKnownFileType = sourcecode.swift; path = Requester.swift; sourceTree = "<group>"; };
		7DF3E37B2BA555BF0058B5B6 /* RequestParams.swift */ = {isa = PBXFileReference; lastKnownFileType = sourcecode.swift; path = RequestParams.swift; sourceTree = "<group>"; };
		7DF3E37C2BA5585D0058B5B6 /* UIImageView+Extensions.swift */ = {isa = PBXFileReference; lastKnownFileType = sourcecode.swift; path = "UIImageView+Extensions.swift"; sourceTree = "<group>"; };
		7DF9E2A024FAE7B600FD60A3 /* CCMoyaService.swift */ = {isa = PBXFileReference; lastKnownFileType = sourcecode.swift; path = CCMoyaService.swift; sourceTree = "<group>"; };
/* End PBXFileReference section */

/* Begin PBXGroup section */
		7D8362702423DBF600B039E5 = {
			isa = PBXGroup;
			children = (
				7D83627B2423DBF600B039E5 /* ClassicClient */,
				7D8362822423DBFE00B039E5 /* Assets.xcassets */,
				7D83627A2423DBF600B039E5 /* Products */,
			);
			sourceTree = "<group>";
		};
		7D83627A2423DBF600B039E5 /* Products */ = {
			isa = PBXGroup;
			children = (
			);
			name = Products;
			sourceTree = "<group>";
		};
		7D83627B2423DBF600B039E5 /* ClassicClient */ = {
			isa = PBXGroup;
			children = (
				7DF3E3772BA5514E0058B5B6 /* Networking */,
				7DBC8BB1242538E2000B0CE6 /* Services */,
				7DF3E3502BA53FC80058B5B6 /* Tabbar */,
				7D8362962423E5D800B039E5 /* Views */,
				7DF3E3672BA546E70058B5B6 /* Utilities */,
				7D2A1A3824FB55A600EEC4D2 /* ResourceSingleton.swift */,
			);
			path = ClassicClient;
			sourceTree = "<group>";
		};
		7D8362962423E5D800B039E5 /* Views */ = {
			isa = PBXGroup;
			children = (
				7D8362992423E62200B039E5 /* LoadingView.swift */,
				7D1090722B7AE79D008C8D75 /* SelfSizeTableView.swift */,
				7DF3E3542BA540EE0058B5B6 /* Separator.swift */,
				7DF3E3552BA541000058B5B6 /* Spacer.swift */,
				7DF3E3562BA541100058B5B6 /* CircleView.swift */,
				7DF3E3572BA541210058B5B6 /* TriangleView.swift */,
			);
			path = Views;
			sourceTree = "<group>";
		};
		7DBC8BB1242538E2000B0CE6 /* Services */ = {
			isa = PBXGroup;
			children = (
				7DBC8BB424253941000B0CE6 /* FakeServerProtocol.swift */,
				7DF9E2A024FAE7B600FD60A3 /* CCMoyaService.swift */,
			);
			path = Services;
			sourceTree = "<group>";
		};
		7DF3E3502BA53FC80058B5B6 /* Tabbar */ = {
			isa = PBXGroup;
			children = (
				7DF3E3512BA53FFA0058B5B6 /* CustomTabbarController.swift */,
				7DF3E3532BA540610058B5B6 /* CustomTabbar.swift */,
				7DF3E3522BA540480058B5B6 /* CustomTabbarItem.swift */,
			);
			path = Tabbar;
			sourceTree = "<group>";
		};
		7DF3E3592BA5424D0058B5B6 /* Extensions */ = {
			isa = PBXGroup;
			children = (
				7DF3E3752BA54B200058B5B6 /* Axis.swift */,
				7DF3E36F2BA548CD0058B5B6 /* UIKit */,
				7DF3E36E2BA548BD0058B5B6 /* Foundation */,
			);
			path = Extensions;
			sourceTree = "<group>";
		};
		7DF3E3672BA546E70058B5B6 /* Utilities */ = {
			isa = PBXGroup;
			children = (
				7DF3E3592BA5424D0058B5B6 /* Extensions */,
				7DF3E3792BA553940058B5B6 /* AppLogger.swift */,
				7DF3E35B2BA542D10058B5B6 /* Indentifiable.swift */,
				7DF3E3682BA546FA0058B5B6 /* LoadingState.swift */,
			);
			path = Utilities;
			sourceTree = "<group>";
		};
		7DF3E36E2BA548BD0058B5B6 /* Foundation */ = {
			isa = PBXGroup;
			children = (
				7DF3E3712BA549280058B5B6 /* Bool+Extensions.swift */,
				7DF3E3702BA5490F0058B5B6 /* Int+Extensions.swift */,
				7DF3E36D2BA548B70058B5B6 /* Enum+Extensions.swift */,
				7DF3E3692BA547910058B5B6 /* Dictionary+Extensions.swift */,
				7DF3E36C2BA5489A0058B5B6 /* Result+Extensions.swift */,
				7DF3E3722BA549450058B5B6 /* Data+Extensions.swift */,
				7DF3E3732BA549810058B5B6 /* Codable+Extensions.swift */,
				7DF3E3742BA549B00058B5B6 /* Sequence+Extensions.swift */,
			);
			path = Foundation;
			sourceTree = "<group>";
		};
		7DF3E36F2BA548CD0058B5B6 /* UIKit */ = {
			isa = PBXGroup;
			children = (
				7DF3E36B2BA548400058B5B6 /* String+Extensions.swift */,
				7DBC8BBB242569C3000B0CE6 /* UIView+Extensions.swift */,
				7DF3E3762BA54D570058B5B6 /* UIView+IBInspectable.swift */,
				7DF3E35A2BA542760058B5B6 /* UIEdgeInsets+Extensions.swift */,
				7DF3E36A2BA547C20058B5B6 /* UINavigationController+Extensions.swift */,
				7DF3E37C2BA5585D0058B5B6 /* UIImageView+Extensions.swift */,
			);
			path = UIKit;
			sourceTree = "<group>";
		};
		7DF3E3772BA5514E0058B5B6 /* Networking */ = {
			isa = PBXGroup;
			children = (
				7DF3E3782BA551680058B5B6 /* NetworkRequest.swift */,
				7DF3E37A2BA555620058B5B6 /* Requester.swift */,
				7DF3E37B2BA555BF0058B5B6 /* RequestParams.swift */,
			);
			path = Networking;
			sourceTree = "<group>";
		};
/* End PBXGroup section */

/* Begin PBXProject section */
		7D8362712423DBF600B039E5 /* Project object */ = {
			isa = PBXProject;
			attributes = {
				LastSwiftUpdateCheck = 1160;
				LastUpgradeCheck = 1110;
				ORGANIZATIONNAME = "Justin Lycklama";
			};
			buildConfigurationList = 7D8362742423DBF600B039E5 /* Build configuration list for PBXProject "ClassicClient" */;
			compatibilityVersion = "Xcode 9.3";
			developmentRegion = en;
			hasScannedForEncodings = 0;
			knownRegions = (
				en,
				Base,
			);
			mainGroup = 7D8362702423DBF600B039E5;
			productRefGroup = 7D83627A2423DBF600B039E5 /* Products */;
			projectDirPath = "";
			projectRoot = "";
			targets = (
			);
		};
/* End PBXProject section */

/* Begin XCBuildConfiguration section */
		7D83628B2423DBFE00B039E5 /* Debug */ = {
			isa = XCBuildConfiguration;
			buildSettings = {
				ALWAYS_SEARCH_USER_PATHS = NO;
				CLANG_ANALYZER_NONNULL = YES;
				CLANG_ANALYZER_NUMBER_OBJECT_CONVERSION = YES_AGGRESSIVE;
				CLANG_CXX_LANGUAGE_STANDARD = "gnu++14";
				CLANG_CXX_LIBRARY = "libc++";
				CLANG_ENABLE_MODULES = YES;
				CLANG_ENABLE_OBJC_ARC = YES;
				CLANG_ENABLE_OBJC_WEAK = YES;
				CLANG_WARN_BLOCK_CAPTURE_AUTORELEASING = YES;
				CLANG_WARN_BOOL_CONVERSION = YES;
				CLANG_WARN_COMMA = YES;
				CLANG_WARN_CONSTANT_CONVERSION = YES;
				CLANG_WARN_DEPRECATED_OBJC_IMPLEMENTATIONS = YES;
				CLANG_WARN_DIRECT_OBJC_ISA_USAGE = YES_ERROR;
				CLANG_WARN_DOCUMENTATION_COMMENTS = YES;
				CLANG_WARN_EMPTY_BODY = YES;
				CLANG_WARN_ENUM_CONVERSION = YES;
				CLANG_WARN_INFINITE_RECURSION = YES;
				CLANG_WARN_INT_CONVERSION = YES;
				CLANG_WARN_NON_LITERAL_NULL_CONVERSION = YES;
				CLANG_WARN_OBJC_IMPLICIT_RETAIN_SELF = YES;
				CLANG_WARN_OBJC_LITERAL_CONVERSION = YES;
				CLANG_WARN_OBJC_ROOT_CLASS = YES_ERROR;
				CLANG_WARN_RANGE_LOOP_ANALYSIS = YES;
				CLANG_WARN_STRICT_PROTOTYPES = YES;
				CLANG_WARN_SUSPICIOUS_MOVE = YES;
				CLANG_WARN_UNGUARDED_AVAILABILITY = YES_AGGRESSIVE;
				CLANG_WARN_UNREACHABLE_CODE = YES;
				CLANG_WARN__DUPLICATE_METHOD_MATCH = YES;
				COPY_PHASE_STRIP = NO;
				DEBUG_INFORMATION_FORMAT = dwarf;
				ENABLE_STRICT_OBJC_MSGSEND = YES;
				ENABLE_TESTABILITY = YES;
				GCC_C_LANGUAGE_STANDARD = gnu11;
				GCC_DYNAMIC_NO_PIC = NO;
				GCC_NO_COMMON_BLOCKS = YES;
				GCC_OPTIMIZATION_LEVEL = 0;
				GCC_PREPROCESSOR_DEFINITIONS = (
					"DEBUG=1",
					"$(inherited)",
				);
				GCC_WARN_64_TO_32_BIT_CONVERSION = YES;
				GCC_WARN_ABOUT_RETURN_TYPE = YES_ERROR;
				GCC_WARN_UNDECLARED_SELECTOR = YES;
				GCC_WARN_UNINITIALIZED_AUTOS = YES_AGGRESSIVE;
				GCC_WARN_UNUSED_FUNCTION = YES;
				GCC_WARN_UNUSED_VARIABLE = YES;
				IPHONEOS_DEPLOYMENT_TARGET = 13.1;
				MTL_ENABLE_DEBUG_INFO = INCLUDE_SOURCE;
				MTL_FAST_MATH = YES;
				ONLY_ACTIVE_ARCH = YES;
				SDKROOT = iphoneos;
				SWIFT_ACTIVE_COMPILATION_CONDITIONS = DEBUG;
				SWIFT_OPTIMIZATION_LEVEL = "-Onone";
			};
			name = Debug;
		};
		7D83628C2423DBFE00B039E5 /* Release */ = {
			isa = XCBuildConfiguration;
			buildSettings = {
				ALWAYS_SEARCH_USER_PATHS = NO;
				CLANG_ANALYZER_NONNULL = YES;
				CLANG_ANALYZER_NUMBER_OBJECT_CONVERSION = YES_AGGRESSIVE;
				CLANG_CXX_LANGUAGE_STANDARD = "gnu++14";
				CLANG_CXX_LIBRARY = "libc++";
				CLANG_ENABLE_MODULES = YES;
				CLANG_ENABLE_OBJC_ARC = YES;
				CLANG_ENABLE_OBJC_WEAK = YES;
				CLANG_WARN_BLOCK_CAPTURE_AUTORELEASING = YES;
				CLANG_WARN_BOOL_CONVERSION = YES;
				CLANG_WARN_COMMA = YES;
				CLANG_WARN_CONSTANT_CONVERSION = YES;
				CLANG_WARN_DEPRECATED_OBJC_IMPLEMENTATIONS = YES;
				CLANG_WARN_DIRECT_OBJC_ISA_USAGE = YES_ERROR;
				CLANG_WARN_DOCUMENTATION_COMMENTS = YES;
				CLANG_WARN_EMPTY_BODY = YES;
				CLANG_WARN_ENUM_CONVERSION = YES;
				CLANG_WARN_INFINITE_RECURSION = YES;
				CLANG_WARN_INT_CONVERSION = YES;
				CLANG_WARN_NON_LITERAL_NULL_CONVERSION = YES;
				CLANG_WARN_OBJC_IMPLICIT_RETAIN_SELF = YES;
				CLANG_WARN_OBJC_LITERAL_CONVERSION = YES;
				CLANG_WARN_OBJC_ROOT_CLASS = YES_ERROR;
				CLANG_WARN_RANGE_LOOP_ANALYSIS = YES;
				CLANG_WARN_STRICT_PROTOTYPES = YES;
				CLANG_WARN_SUSPICIOUS_MOVE = YES;
				CLANG_WARN_UNGUARDED_AVAILABILITY = YES_AGGRESSIVE;
				CLANG_WARN_UNREACHABLE_CODE = YES;
				CLANG_WARN__DUPLICATE_METHOD_MATCH = YES;
				COPY_PHASE_STRIP = NO;
				DEBUG_INFORMATION_FORMAT = "dwarf-with-dsym";
				ENABLE_NS_ASSERTIONS = NO;
				ENABLE_STRICT_OBJC_MSGSEND = YES;
				GCC_C_LANGUAGE_STANDARD = gnu11;
				GCC_NO_COMMON_BLOCKS = YES;
				GCC_WARN_64_TO_32_BIT_CONVERSION = YES;
				GCC_WARN_ABOUT_RETURN_TYPE = YES_ERROR;
				GCC_WARN_UNDECLARED_SELECTOR = YES;
				GCC_WARN_UNINITIALIZED_AUTOS = YES_AGGRESSIVE;
				GCC_WARN_UNUSED_FUNCTION = YES;
				GCC_WARN_UNUSED_VARIABLE = YES;
				IPHONEOS_DEPLOYMENT_TARGET = 13.1;
				MTL_ENABLE_DEBUG_INFO = NO;
				MTL_FAST_MATH = YES;
				SDKROOT = iphoneos;
				SWIFT_COMPILATION_MODE = wholemodule;
				SWIFT_OPTIMIZATION_LEVEL = "-O";
				VALIDATE_PRODUCT = YES;
			};
			name = Release;
		};
/* End XCBuildConfiguration section */

/* Begin XCConfigurationList section */
		7D8362742423DBF600B039E5 /* Build configuration list for PBXProject "ClassicClient" */ = {
			isa = XCConfigurationList;
			buildConfigurations = (
				7D83628B2423DBFE00B039E5 /* Debug */,
				7D83628C2423DBFE00B039E5 /* Release */,
			);
			defaultConfigurationIsVisible = 0;
			defaultConfigurationName = Release;
		};
/* End XCConfigurationList section */
	};
	rootObject = 7D8362712423DBF600B039E5 /* Project object */;
}
