// !$*UTF8*$!
{
	archiveVersion = 1;
	classes = {
	};
	objectVersion = 50;
	objects = {

/* Begin PBXFileReference section */
		7D7410252425C9A400D75B82 /* CCStyle.swift */ = {isa = PBXFileReference; lastKnownFileType = sourcecode.swift; path = CCStyle.swift; sourceTree = "<group>"; };
		7D8362822423DBFE00B039E5 /* Assets.xcassets */ = {isa = PBXFileReference; lastKnownFileType = folder.assetcatalog; path = Assets.xcassets; sourceTree = "<group>"; };
		7D8362852423DBFE00B039E5 /* Preview Assets.xcassets */ = {isa = PBXFileReference; lastKnownFileType = folder.assetcatalog; path = "Preview Assets.xcassets"; sourceTree = "<group>"; };
		7D8362992423E62200B039E5 /* LoadingView.swift */ = {isa = PBXFileReference; lastKnownFileType = sourcecode.swift; path = LoadingView.swift; sourceTree = "<group>"; };
		7D869A4924F61A8F00B4953B /* LoadableViewController.swift */ = {isa = PBXFileReference; lastKnownFileType = sourcecode.swift; path = LoadableViewController.swift; sourceTree = "<group>"; };
		7D9F22A624F75E34004C6BE1 /* WreathedDisplayView.swift */ = {isa = PBXFileReference; lastKnownFileType = sourcecode.swift; path = WreathedDisplayView.swift; sourceTree = "<group>"; };
		7D9F22A724F75E42004C6BE1 /* WreathedDetailViewController.swift */ = {isa = PBXFileReference; lastKnownFileType = sourcecode.swift; path = WreathedDetailViewController.swift; sourceTree = "<group>"; };
		7D9F22A824F75E74004C6BE1 /* WreathedDetailTransition.swift */ = {isa = PBXFileReference; lastKnownFileType = sourcecode.swift; path = WreathedDetailTransition.swift; sourceTree = "<group>"; };
		7DBC8BB424253941000B0CE6 /* FakeServerProtocol.swift */ = {isa = PBXFileReference; lastKnownFileType = sourcecode.swift; path = FakeServerProtocol.swift; sourceTree = "<group>"; };
		7DBC8BBB242569C3000B0CE6 /* UIViewExtension.swift */ = {isa = PBXFileReference; lastKnownFileType = sourcecode.swift; path = UIViewExtension.swift; sourceTree = "<group>"; };
		7DD4405424F4C0E500F4D568 /* GridViewController.swift */ = {isa = PBXFileReference; lastKnownFileType = sourcecode.swift; path = GridViewController.swift; sourceTree = "<group>"; };
		7DE223CF2429288E00A7F286 /* TwoItemFocusDisplay.swift */ = {isa = PBXFileReference; lastKnownFileType = sourcecode.swift; path = TwoItemFocusDisplay.swift; sourceTree = "<group>"; };
		7DE223D52429397100A7F286 /* QuantityEditorView.swift */ = {isa = PBXFileReference; lastKnownFileType = sourcecode.swift; path = QuantityEditorView.swift; sourceTree = "<group>"; };
		7DE46A9524E36254003D97B4 /* HorizontalItemPreviewViewController.swift */ = {isa = PBXFileReference; lastKnownFileType = sourcecode.swift; path = HorizontalItemPreviewViewController.swift; sourceTree = "<group>"; };
		7DE5919D24DDCE910038D41E /* VHPresentFromViewTransition.swift */ = {isa = PBXFileReference; lastKnownFileType = sourcecode.swift; path = VHPresentFromViewTransition.swift; sourceTree = "<group>"; };
		7DF9E2A024FAE7B600FD60A3 /* CCMoyaService.swift */ = {isa = PBXFileReference; lastKnownFileType = sourcecode.swift; path = CCMoyaService.swift; sourceTree = "<group>"; };
		7DFCEC59242A6FD40063F89D /* DrawingView.swift */ = {isa = PBXFileReference; lastKnownFileType = sourcecode.swift; path = DrawingView.swift; sourceTree = "<group>"; };
/* End PBXFileReference section */

/* Begin PBXGroup section */
		7D8362702423DBF600B039E5 = {
			isa = PBXGroup;
			children = (
				7D83627B2423DBF600B039E5 /* ClassicClient */,
				7D83627A2423DBF600B039E5 /* Products */,
			);
			sourceTree = "<group>";
		};
		7D83627A2423DBF600B039E5 /* Products */ = {
			isa = PBXGroup;
			children = (
			);
			name = Products;
			sourceTree = "<group>";
		};
		7D83627B2423DBF600B039E5 /* ClassicClient */ = {
			isa = PBXGroup;
			children = (
				7D9FAFDD24F75D6A00C6A5E1 /* WreathedDisplay */,
				7DBC8BB1242538E2000B0CE6 /* Services */,
				7DE46A9424E36075003D97B4 /* View Controllers */,
				7D8362962423E5D800B039E5 /* Views */,
				7D8362822423DBFE00B039E5 /* Assets.xcassets */,
				7D8362842423DBFE00B039E5 /* Preview Content */,
			);
			path = ClassicClient;
			sourceTree = "<group>";
		};
		7D8362842423DBFE00B039E5 /* Preview Content */ = {
			isa = PBXGroup;
			children = (
				7D8362852423DBFE00B039E5 /* Preview Assets.xcassets */,
			);
			path = "Preview Content";
			sourceTree = "<group>";
		};
		7D8362962423E5D800B039E5 /* Views */ = {
			isa = PBXGroup;
			children = (
				7DE5919B24DDAC990038D41E /* Transitions */,
				7D8362972423E5F700B039E5 /* Generic */,
				7D8362982423E5FD00B039E5 /* Cells */,
			);
			path = Views;
			sourceTree = "<group>";
		};
		7D8362972423E5F700B039E5 /* Generic */ = {
			isa = PBXGroup;
			children = (
				7DE223D52429397100A7F286 /* QuantityEditorView.swift */,
				7D8362992423E62200B039E5 /* LoadingView.swift */,
				7DBC8BBB242569C3000B0CE6 /* UIViewExtension.swift */,
				7D7410252425C9A400D75B82 /* CCStyle.swift */,
				7DE223CF2429288E00A7F286 /* TwoItemFocusDisplay.swift */,
				7DFCEC59242A6FD40063F89D /* DrawingView.swift */,
			);
			path = Generic;
			sourceTree = "<group>";
		};
		7D8362982423E5FD00B039E5 /* Cells */ = {
			isa = PBXGroup;
			children = (
			);
			path = Cells;
			sourceTree = "<group>";
		};
		7D9FAFDD24F75D6A00C6A5E1 /* WreathedDisplay */ = {
			isa = PBXGroup;
			children = (
				7D9F22A624F75E34004C6BE1 /* WreathedDisplayView.swift */,
				7D9F22A724F75E42004C6BE1 /* WreathedDetailViewController.swift */,
				7D9F22A824F75E74004C6BE1 /* WreathedDetailTransition.swift */,
			);
			path = WreathedDisplay;
			sourceTree = "<group>";
		};
		7DBC8BB1242538E2000B0CE6 /* Services */ = {
			isa = PBXGroup;
			children = (
				7DBC8BB424253941000B0CE6 /* FakeServerProtocol.swift */,
				7DF9E2A024FAE7B600FD60A3 /* CCMoyaService.swift */,
			);
			path = Services;
			sourceTree = "<group>";
		};
		7DE46A9424E36075003D97B4 /* View Controllers */ = {
			isa = PBXGroup;
			children = (
				7DE46A9524E36254003D97B4 /* HorizontalItemPreviewViewController.swift */,
				7DD4405424F4C0E500F4D568 /* GridViewController.swift */,
				7D869A4924F61A8F00B4953B /* LoadableViewController.swift */,
			);
			path = "View Controllers";
			sourceTree = "<group>";
		};
		7DE5919B24DDAC990038D41E /* Transitions */ = {
			isa = PBXGroup;
			children = (
				7DE5919D24DDCE910038D41E /* VHPresentFromViewTransition.swift */,
			);
			path = Transitions;
			sourceTree = "<group>";
		};
/* End PBXGroup section */

/* Begin PBXProject section */
		7D8362712423DBF600B039E5 /* Project object */ = {
			isa = PBXProject;
			attributes = {
				LastSwiftUpdateCheck = 1160;
				LastUpgradeCheck = 1110;
				ORGANIZATIONNAME = "Justin Lycklama";
			};
			buildConfigurationList = 7D8362742423DBF600B039E5 /* Build configuration list for PBXProject "ClassicClient" */;
			compatibilityVersion = "Xcode 9.3";
			developmentRegion = en;
			hasScannedForEncodings = 0;
			knownRegions = (
				en,
				Base,
			);
			mainGroup = 7D8362702423DBF600B039E5;
			productRefGroup = 7D83627A2423DBF600B039E5 /* Products */;
			projectDirPath = "";
			projectRoot = "";
			targets = (
			);
		};
/* End PBXProject section */

/* Begin XCBuildConfiguration section */
		7D83628B2423DBFE00B039E5 /* Debug */ = {
			isa = XCBuildConfiguration;
			buildSettings = {
				ALWAYS_SEARCH_USER_PATHS = NO;
				CLANG_ANALYZER_NONNULL = YES;
				CLANG_ANALYZER_NUMBER_OBJECT_CONVERSION = YES_AGGRESSIVE;
				CLANG_CXX_LANGUAGE_STANDARD = "gnu++14";
				CLANG_CXX_LIBRARY = "libc++";
				CLANG_ENABLE_MODULES = YES;
				CLANG_ENABLE_OBJC_ARC = YES;
				CLANG_ENABLE_OBJC_WEAK = YES;
				CLANG_WARN_BLOCK_CAPTURE_AUTORELEASING = YES;
				CLANG_WARN_BOOL_CONVERSION = YES;
				CLANG_WARN_COMMA = YES;
				CLANG_WARN_CONSTANT_CONVERSION = YES;
				CLANG_WARN_DEPRECATED_OBJC_IMPLEMENTATIONS = YES;
				CLANG_WARN_DIRECT_OBJC_ISA_USAGE = YES_ERROR;
				CLANG_WARN_DOCUMENTATION_COMMENTS = YES;
				CLANG_WARN_EMPTY_BODY = YES;
				CLANG_WARN_ENUM_CONVERSION = YES;
				CLANG_WARN_INFINITE_RECURSION = YES;
				CLANG_WARN_INT_CONVERSION = YES;
				CLANG_WARN_NON_LITERAL_NULL_CONVERSION = YES;
				CLANG_WARN_OBJC_IMPLICIT_RETAIN_SELF = YES;
				CLANG_WARN_OBJC_LITERAL_CONVERSION = YES;
				CLANG_WARN_OBJC_ROOT_CLASS = YES_ERROR;
				CLANG_WARN_RANGE_LOOP_ANALYSIS = YES;
				CLANG_WARN_STRICT_PROTOTYPES = YES;
				CLANG_WARN_SUSPICIOUS_MOVE = YES;
				CLANG_WARN_UNGUARDED_AVAILABILITY = YES_AGGRESSIVE;
				CLANG_WARN_UNREACHABLE_CODE = YES;
				CLANG_WARN__DUPLICATE_METHOD_MATCH = YES;
				COPY_PHASE_STRIP = NO;
				DEBUG_INFORMATION_FORMAT = dwarf;
				ENABLE_STRICT_OBJC_MSGSEND = YES;
				ENABLE_TESTABILITY = YES;
				GCC_C_LANGUAGE_STANDARD = gnu11;
				GCC_DYNAMIC_NO_PIC = NO;
				GCC_NO_COMMON_BLOCKS = YES;
				GCC_OPTIMIZATION_LEVEL = 0;
				GCC_PREPROCESSOR_DEFINITIONS = (
					"DEBUG=1",
					"$(inherited)",
				);
				GCC_WARN_64_TO_32_BIT_CONVERSION = YES;
				GCC_WARN_ABOUT_RETURN_TYPE = YES_ERROR;
				GCC_WARN_UNDECLARED_SELECTOR = YES;
				GCC_WARN_UNINITIALIZED_AUTOS = YES_AGGRESSIVE;
				GCC_WARN_UNUSED_FUNCTION = YES;
				GCC_WARN_UNUSED_VARIABLE = YES;
				IPHONEOS_DEPLOYMENT_TARGET = 13.1;
				MTL_ENABLE_DEBUG_INFO = INCLUDE_SOURCE;
				MTL_FAST_MATH = YES;
				ONLY_ACTIVE_ARCH = YES;
				SDKROOT = iphoneos;
				SWIFT_ACTIVE_COMPILATION_CONDITIONS = DEBUG;
				SWIFT_OPTIMIZATION_LEVEL = "-Onone";
			};
			name = Debug;
		};
		7D83628C2423DBFE00B039E5 /* Release */ = {
			isa = XCBuildConfiguration;
			buildSettings = {
				ALWAYS_SEARCH_USER_PATHS = NO;
				CLANG_ANALYZER_NONNULL = YES;
				CLANG_ANALYZER_NUMBER_OBJECT_CONVERSION = YES_AGGRESSIVE;
				CLANG_CXX_LANGUAGE_STANDARD = "gnu++14";
				CLANG_CXX_LIBRARY = "libc++";
				CLANG_ENABLE_MODULES = YES;
				CLANG_ENABLE_OBJC_ARC = YES;
				CLANG_ENABLE_OBJC_WEAK = YES;
				CLANG_WARN_BLOCK_CAPTURE_AUTORELEASING = YES;
				CLANG_WARN_BOOL_CONVERSION = YES;
				CLANG_WARN_COMMA = YES;
				CLANG_WARN_CONSTANT_CONVERSION = YES;
				CLANG_WARN_DEPRECATED_OBJC_IMPLEMENTATIONS = YES;
				CLANG_WARN_DIRECT_OBJC_ISA_USAGE = YES_ERROR;
				CLANG_WARN_DOCUMENTATION_COMMENTS = YES;
				CLANG_WARN_EMPTY_BODY = YES;
				CLANG_WARN_ENUM_CONVERSION = YES;
				CLANG_WARN_INFINITE_RECURSION = YES;
				CLANG_WARN_INT_CONVERSION = YES;
				CLANG_WARN_NON_LITERAL_NULL_CONVERSION = YES;
				CLANG_WARN_OBJC_IMPLICIT_RETAIN_SELF = YES;
				CLANG_WARN_OBJC_LITERAL_CONVERSION = YES;
				CLANG_WARN_OBJC_ROOT_CLASS = YES_ERROR;
				CLANG_WARN_RANGE_LOOP_ANALYSIS = YES;
				CLANG_WARN_STRICT_PROTOTYPES = YES;
				CLANG_WARN_SUSPICIOUS_MOVE = YES;
				CLANG_WARN_UNGUARDED_AVAILABILITY = YES_AGGRESSIVE;
				CLANG_WARN_UNREACHABLE_CODE = YES;
				CLANG_WARN__DUPLICATE_METHOD_MATCH = YES;
				COPY_PHASE_STRIP = NO;
				DEBUG_INFORMATION_FORMAT = "dwarf-with-dsym";
				ENABLE_NS_ASSERTIONS = NO;
				ENABLE_STRICT_OBJC_MSGSEND = YES;
				GCC_C_LANGUAGE_STANDARD = gnu11;
				GCC_NO_COMMON_BLOCKS = YES;
				GCC_WARN_64_TO_32_BIT_CONVERSION = YES;
				GCC_WARN_ABOUT_RETURN_TYPE = YES_ERROR;
				GCC_WARN_UNDECLARED_SELECTOR = YES;
				GCC_WARN_UNINITIALIZED_AUTOS = YES_AGGRESSIVE;
				GCC_WARN_UNUSED_FUNCTION = YES;
				GCC_WARN_UNUSED_VARIABLE = YES;
				IPHONEOS_DEPLOYMENT_TARGET = 13.1;
				MTL_ENABLE_DEBUG_INFO = NO;
				MTL_FAST_MATH = YES;
				SDKROOT = iphoneos;
				SWIFT_COMPILATION_MODE = wholemodule;
				SWIFT_OPTIMIZATION_LEVEL = "-O";
				VALIDATE_PRODUCT = YES;
			};
			name = Release;
		};
/* End XCBuildConfiguration section */

/* Begin XCConfigurationList section */
		7D8362742423DBF600B039E5 /* Build configuration list for PBXProject "ClassicClient" */ = {
			isa = XCConfigurationList;
			buildConfigurations = (
				7D83628B2423DBFE00B039E5 /* Debug */,
				7D83628C2423DBFE00B039E5 /* Release */,
			);
			defaultConfigurationIsVisible = 0;
			defaultConfigurationName = Release;
		};
/* End XCConfigurationList section */
	};
	rootObject = 7D8362712423DBF600B039E5 /* Project object */;
}
